
Microsoft Visual Studio Solution File, Format Version 12.00
# Visual Studio Version 17
VisualStudioVersion = 17.3.32825.248
MinimumVisualStudioVersion = 10.0.40219.1
Project("{8BC9CEB8-8B4A-11D0-8D11-00A0C91BC942}") = "FirstHomework", "Homework\Homework.vcxproj", "{3C573858-547D-435F-AD1B-CD21EC88B737}"
EndProject
Project("{8BC9CEB8-8B4A-11D0-8D11-00A0C91BC942}") = "SecondHomework", "SecondHomework\SecondHomework.vcxproj", "{ECD882CC-EA0A-4F42-8A76-415A6B6ECB1A}"
EndProject
Project("{8BC9CEB8-8B4A-11D0-8D11-00A0C91BC942}") = "ThirdHomework", "ThirdHomework\ThirdHomework.vcxproj", "{621C8E60-9983-405D-8E21-EDBD09723056}"
EndProject
Global
	GlobalSection(SolutionConfigurationPlatforms) = preSolution
		Debug|x64 = Debug|x64
		Debug|x86 = Debug|x86
		Release|x64 = Release|x64
		Release|x86 = Release|x86
	EndGlobalSection
	GlobalSection(ProjectConfigurationPlatforms) = postSolution
		{3C573858-547D-435F-AD1B-CD21EC88B737}.Debug|x64.ActiveCfg = Debug|x64
		{3C573858-547D-435F-AD1B-CD21EC88B737}.Debug|x64.Build.0 = Debug|x64
		{3C573858-547D-435F-AD1B-CD21EC88B737}.Debug|x86.ActiveCfg = Debug|Win32
		{3C573858-547D-435F-AD1B-CD21EC88B737}.Debug|x86.Build.0 = Debug|Win32
		{3C573858-547D-435F-AD1B-CD21EC88B737}.Release|x64.ActiveCfg = Release|x64
		{3C573858-547D-435F-AD1B-CD21EC88B737}.Release|x64.Build.0 = Release|x64
		{3C573858-547D-435F-AD1B-CD21EC88B737}.Release|x86.ActiveCfg = Release|Win32
		{3C573858-547D-435F-AD1B-CD21EC88B737}.Release|x86.Build.0 = Release|Win32
		{ECD882CC-EA0A-4F42-8A76-415A6B6ECB1A}.Debug|x64.ActiveCfg = Debug|x64
		{ECD882CC-EA0A-4F42-8A76-415A6B6ECB1A}.Debug|x64.Build.0 = Debug|x64
		{ECD882CC-EA0A-4F42-8A76-415A6B6ECB1A}.Debug|x86.ActiveCfg = Debug|Win32
		{ECD882CC-EA0A-4F42-8A76-415A6B6ECB1A}.Debug|x86.Build.0 = Debug|Win32
		{ECD882CC-EA0A-4F42-8A76-415A6B6ECB1A}.Release|x64.ActiveCfg = Release|x64
		{ECD882CC-EA0A-4F42-8A76-415A6B6ECB1A}.Release|x64.Build.0 = Release|x64
		{ECD882CC-EA0A-4F42-8A76-415A6B6ECB1A}.Release|x86.ActiveCfg = Release|Win32
		{ECD882CC-EA0A-4F42-8A76-415A6B6ECB1A}.Release|x86.Build.0 = Release|Win32
		{621C8E60-9983-405D-8E21-EDBD09723056}.Debug|x64.ActiveCfg = Debug|x64
		{621C8E60-9983-405D-8E21-EDBD09723056}.Debug|x64.Build.0 = Debug|x64
		{621C8E60-9983-405D-8E21-EDBD09723056}.Debug|x86.ActiveCfg = Debug|Win32
		{621C8E60-9983-405D-8E21-EDBD09723056}.Debug|x86.Build.0 = Debug|Win32
		{621C8E60-9983-405D-8E21-EDBD09723056}.Release|x64.ActiveCfg = Release|x64
		{621C8E60-9983-405D-8E21-EDBD09723056}.Release|x64.Build.0 = Release|x64
		{621C8E60-9983-405D-8E21-EDBD09723056}.Release|x86.ActiveCfg = Release|Win32
		{621C8E60-9983-405D-8E21-EDBD09723056}.Release|x86.Build.0 = Release|Win32
	EndGlobalSection
	GlobalSection(SolutionProperties) = preSolution
		HideSolutionNode = FALSE
	EndGlobalSection
	GlobalSection(ExtensibilityGlobals) = postSolution
		SolutionGuid = {B199F28B-4146-4DDC-AE8E-488A5E47EAD3}
	EndGlobalSection
EndGlobal
